
Microsoft Visual Studio Solution File, Format Version 12.00
# Visual Studio Version 16
VisualStudioVersion = 16.0.29001.49
MinimumVisualStudioVersion = 10.0.40219.1
Project("{2150E333-8FDC-42A3-9474-1A3956D46DE8}") = "5. Infraestructura", "5. Infraestructura", "{0E07F1DB-3908-487C-9001-2B2D7574038C}"
EndProject
Project("{2150E333-8FDC-42A3-9474-1A3956D46DE8}") = "2. Servicios", "2. Servicios", "{41880BB4-FCC7-4B44-BE8B-9DAEEA903584}"
EndProject
Project("{9A19103F-16F7-4668-BE54-9A1E7A4F7556}") = "CompraVenta.Datos.IModelo", "CompraVenta.UnitOfWork\CompraVenta.Datos.IModelo.csproj", "{90FB5008-D342-4281-83C3-2CDBD2B02FC5}"
EndProject
Project("{2150E333-8FDC-42A3-9474-1A3956D46DE8}") = "1. Presentacion", "1. Presentacion", "{1F1B6BCF-3E31-4442-9A77-591798801B09}"
EndProject
Project("{2150E333-8FDC-42A3-9474-1A3956D46DE8}") = "3. Aplicacion", "3. Aplicacion", "{37FF4B31-CCAF-4BB9-A14A-0164B8701C6B}"
EndProject
Project("{2150E333-8FDC-42A3-9474-1A3956D46DE8}") = "4. Dominio", "4. Dominio", "{349466B9-C83B-48FE-85B7-59E0C1066999}"
EndProject
Project("{2150E333-8FDC-42A3-9474-1A3956D46DE8}") = "6. Transversal", "6. Transversal", "{8D730BBF-597B-40F7-86C8-7BD33CB219BE}"
EndProject
Project("{9A19103F-16F7-4668-BE54-9A1E7A4F7556}") = "CompraVenta.Dominio.Entidades", "CompraVenta.Dominio.Entidades\CompraVenta.Dominio.Entidades.csproj", "{91B6E7A4-7405-4273-8C78-E9E3C57C5D5D}"
EndProject
Project("{9A19103F-16F7-4668-BE54-9A1E7A4F7556}") = "CompraVenta.Servicios.WebApi", "CompraVenta.Servicios.WebApi\CompraVenta.Servicios.WebApi.csproj", "{B1103B31-4CDD-4823-A47C-4B94EB871EFC}"
EndProject
Project("{9A19103F-16F7-4668-BE54-9A1E7A4F7556}") = "CompraVenta.Dominio.Enumerados", "CompraVenta.Dominio.Enumerados\CompraVenta.Dominio.Enumerados.csproj", "{E145AAF9-47BF-4D71-B267-470D5C1022B8}"
EndProject
Project("{9A19103F-16F7-4668-BE54-9A1E7A4F7556}") = "CompraVenta.Dominio.RepositorioInterfaces", "CompraVenta.Dominio.RepositorioInterfaces\CompraVenta.Dominio.RepositorioInterfaces.csproj", "{6B070631-2ED5-48EF-BF1F-9AFD09F8BE1C}"
EndProject
Project("{2150E333-8FDC-42A3-9474-1A3956D46DE8}") = "5.1 Datos", "5.1 Datos", "{97F63422-8BE8-48FD-84BF-21AAB6903A9C}"
EndProject
Project("{9A19103F-16F7-4668-BE54-9A1E7A4F7556}") = "CompraVenta.Datos.Repositorio", "CompraVenta.Datos.Repositorio.Dapper\CompraVenta.Datos.Repositorio.csproj", "{448B6EFF-906A-4B50-9902-CCA93E53F98D}"
EndProject
Project("{9A19103F-16F7-4668-BE54-9A1E7A4F7556}") = "CompraVenta.Aplicacion.Interfaces", "CompraVenta.Aplicacion.Interfaces\CompraVenta.Aplicacion.Interfaces.csproj", "{60A6A49D-242A-44E0-B772-2FB8383B5F4A}"
EndProject
Project("{9A19103F-16F7-4668-BE54-9A1E7A4F7556}") = "CompraVenta.Aplicacion.Servicios", "CompraVenta.Aplicacion.Servicios\CompraVenta.Aplicacion.Servicios.csproj", "{9B410BF2-F829-4502-810D-FC00AE74E9E3}"
EndProject
Project("{2150E333-8FDC-42A3-9474-1A3956D46DE8}") = "6.1 Entidades de Servicio", "6.1 Entidades de Servicio", "{A17498D9-2E46-4387-A7CB-0B70FC0566FF}"
EndProject
Project("{9A19103F-16F7-4668-BE54-9A1E7A4F7556}") = "CompraVenta.Entidades", "CompraVenta.Entidades\CompraVenta.Entidades.csproj", "{FB66099C-669C-4F5B-90AE-5C78E797C3FD}"
EndProject
Project("{9A19103F-16F7-4668-BE54-9A1E7A4F7556}") = "CompraVenta.Datos.Modelo", "CompraVenta.Datos.Modelo\CompraVenta.Datos.Modelo.csproj", "{4090BD7D-6867-4C9A-851A-C997A78D0609}"
EndProject
Global
	GlobalSection(SolutionConfigurationPlatforms) = preSolution
		Debug|Any CPU = Debug|Any CPU
		Release|Any CPU = Release|Any CPU
	EndGlobalSection
	GlobalSection(ProjectConfigurationPlatforms) = postSolution
		{90FB5008-D342-4281-83C3-2CDBD2B02FC5}.Debug|Any CPU.ActiveCfg = Debug|Any CPU
		{90FB5008-D342-4281-83C3-2CDBD2B02FC5}.Debug|Any CPU.Build.0 = Debug|Any CPU
		{90FB5008-D342-4281-83C3-2CDBD2B02FC5}.Release|Any CPU.ActiveCfg = Release|Any CPU
		{90FB5008-D342-4281-83C3-2CDBD2B02FC5}.Release|Any CPU.Build.0 = Release|Any CPU
		{91B6E7A4-7405-4273-8C78-E9E3C57C5D5D}.Debug|Any CPU.ActiveCfg = Debug|Any CPU
		{91B6E7A4-7405-4273-8C78-E9E3C57C5D5D}.Debug|Any CPU.Build.0 = Debug|Any CPU
		{91B6E7A4-7405-4273-8C78-E9E3C57C5D5D}.Release|Any CPU.ActiveCfg = Release|Any CPU
		{91B6E7A4-7405-4273-8C78-E9E3C57C5D5D}.Release|Any CPU.Build.0 = Release|Any CPU
		{B1103B31-4CDD-4823-A47C-4B94EB871EFC}.Debug|Any CPU.ActiveCfg = Debug|Any CPU
		{B1103B31-4CDD-4823-A47C-4B94EB871EFC}.Debug|Any CPU.Build.0 = Debug|Any CPU
		{B1103B31-4CDD-4823-A47C-4B94EB871EFC}.Release|Any CPU.ActiveCfg = Release|Any CPU
		{B1103B31-4CDD-4823-A47C-4B94EB871EFC}.Release|Any CPU.Build.0 = Release|Any CPU
		{E145AAF9-47BF-4D71-B267-470D5C1022B8}.Debug|Any CPU.ActiveCfg = Debug|Any CPU
		{E145AAF9-47BF-4D71-B267-470D5C1022B8}.Debug|Any CPU.Build.0 = Debug|Any CPU
		{E145AAF9-47BF-4D71-B267-470D5C1022B8}.Release|Any CPU.ActiveCfg = Release|Any CPU
		{E145AAF9-47BF-4D71-B267-470D5C1022B8}.Release|Any CPU.Build.0 = Release|Any CPU
		{6B070631-2ED5-48EF-BF1F-9AFD09F8BE1C}.Debug|Any CPU.ActiveCfg = Debug|Any CPU
		{6B070631-2ED5-48EF-BF1F-9AFD09F8BE1C}.Debug|Any CPU.Build.0 = Debug|Any CPU
		{6B070631-2ED5-48EF-BF1F-9AFD09F8BE1C}.Release|Any CPU.ActiveCfg = Release|Any CPU
		{6B070631-2ED5-48EF-BF1F-9AFD09F8BE1C}.Release|Any CPU.Build.0 = Release|Any CPU
		{448B6EFF-906A-4B50-9902-CCA93E53F98D}.Debug|Any CPU.ActiveCfg = Debug|Any CPU
		{448B6EFF-906A-4B50-9902-CCA93E53F98D}.Debug|Any CPU.Build.0 = Debug|Any CPU
		{448B6EFF-906A-4B50-9902-CCA93E53F98D}.Release|Any CPU.ActiveCfg = Release|Any CPU
		{448B6EFF-906A-4B50-9902-CCA93E53F98D}.Release|Any CPU.Build.0 = Release|Any CPU
		{60A6A49D-242A-44E0-B772-2FB8383B5F4A}.Debug|Any CPU.ActiveCfg = Debug|Any CPU
		{60A6A49D-242A-44E0-B772-2FB8383B5F4A}.Debug|Any CPU.Build.0 = Debug|Any CPU
		{60A6A49D-242A-44E0-B772-2FB8383B5F4A}.Release|Any CPU.ActiveCfg = Release|Any CPU
		{60A6A49D-242A-44E0-B772-2FB8383B5F4A}.Release|Any CPU.Build.0 = Release|Any CPU
		{9B410BF2-F829-4502-810D-FC00AE74E9E3}.Debug|Any CPU.ActiveCfg = Debug|Any CPU
		{9B410BF2-F829-4502-810D-FC00AE74E9E3}.Debug|Any CPU.Build.0 = Debug|Any CPU
		{9B410BF2-F829-4502-810D-FC00AE74E9E3}.Release|Any CPU.ActiveCfg = Release|Any CPU
		{9B410BF2-F829-4502-810D-FC00AE74E9E3}.Release|Any CPU.Build.0 = Release|Any CPU
		{FB66099C-669C-4F5B-90AE-5C78E797C3FD}.Debug|Any CPU.ActiveCfg = Debug|Any CPU
		{FB66099C-669C-4F5B-90AE-5C78E797C3FD}.Debug|Any CPU.Build.0 = Debug|Any CPU
		{FB66099C-669C-4F5B-90AE-5C78E797C3FD}.Release|Any CPU.ActiveCfg = Release|Any CPU
		{FB66099C-669C-4F5B-90AE-5C78E797C3FD}.Release|Any CPU.Build.0 = Release|Any CPU
		{4090BD7D-6867-4C9A-851A-C997A78D0609}.Debug|Any CPU.ActiveCfg = Debug|Any CPU
		{4090BD7D-6867-4C9A-851A-C997A78D0609}.Debug|Any CPU.Build.0 = Debug|Any CPU
		{4090BD7D-6867-4C9A-851A-C997A78D0609}.Release|Any CPU.ActiveCfg = Release|Any CPU
		{4090BD7D-6867-4C9A-851A-C997A78D0609}.Release|Any CPU.Build.0 = Release|Any CPU
	EndGlobalSection
	GlobalSection(SolutionProperties) = preSolution
		HideSolutionNode = FALSE
	EndGlobalSection
	GlobalSection(NestedProjects) = preSolution
		{90FB5008-D342-4281-83C3-2CDBD2B02FC5} = {97F63422-8BE8-48FD-84BF-21AAB6903A9C}
		{91B6E7A4-7405-4273-8C78-E9E3C57C5D5D} = {349466B9-C83B-48FE-85B7-59E0C1066999}
		{B1103B31-4CDD-4823-A47C-4B94EB871EFC} = {41880BB4-FCC7-4B44-BE8B-9DAEEA903584}
		{E145AAF9-47BF-4D71-B267-470D5C1022B8} = {349466B9-C83B-48FE-85B7-59E0C1066999}
		{6B070631-2ED5-48EF-BF1F-9AFD09F8BE1C} = {349466B9-C83B-48FE-85B7-59E0C1066999}
		{97F63422-8BE8-48FD-84BF-21AAB6903A9C} = {0E07F1DB-3908-487C-9001-2B2D7574038C}
		{448B6EFF-906A-4B50-9902-CCA93E53F98D} = {97F63422-8BE8-48FD-84BF-21AAB6903A9C}
		{60A6A49D-242A-44E0-B772-2FB8383B5F4A} = {37FF4B31-CCAF-4BB9-A14A-0164B8701C6B}
		{9B410BF2-F829-4502-810D-FC00AE74E9E3} = {37FF4B31-CCAF-4BB9-A14A-0164B8701C6B}
		{A17498D9-2E46-4387-A7CB-0B70FC0566FF} = {8D730BBF-597B-40F7-86C8-7BD33CB219BE}
		{FB66099C-669C-4F5B-90AE-5C78E797C3FD} = {A17498D9-2E46-4387-A7CB-0B70FC0566FF}
		{4090BD7D-6867-4C9A-851A-C997A78D0609} = {97F63422-8BE8-48FD-84BF-21AAB6903A9C}
	EndGlobalSection
	GlobalSection(ExtensibilityGlobals) = postSolution
		SolutionGuid = {58DB9104-CAFB-468A-955D-ADC7DFD3DEDF}
	EndGlobalSection
EndGlobal
